
Microsoft Visual Studio Solution File, Format Version 12.00
# Visual Studio Version 17
VisualStudioVersion = 17.10.34928.147
MinimumVisualStudioVersion = 10.0.40219.1
Project("{FAE04EC0-301F-11D3-BF4B-00C04F79EFBC}") = "YT_PlayListTask.server", "YT_PlayListTask.server.csproj", "{4BEDB6C2-B3EA-46E9-8077-D364CE9FC2C8}"
EndProject
Global
	GlobalSection(SolutionConfigurationPlatforms) = preSolution
		Debug|Any CPU = Debug|Any CPU
		Release|Any CPU = Release|Any CPU
	EndGlobalSection
	GlobalSection(ProjectConfigurationPlatforms) = postSolution
		{4BEDB6C2-B3EA-46E9-8077-D364CE9FC2C8}.Debug|Any CPU.ActiveCfg = Debug|Any CPU
		{4BEDB6C2-B3EA-46E9-8077-D364CE9FC2C8}.Debug|Any CPU.Build.0 = Debug|Any CPU
		{4BEDB6C2-B3EA-46E9-8077-D364CE9FC2C8}.Release|Any CPU.ActiveCfg = Release|Any CPU
		{4BEDB6C2-B3EA-46E9-8077-D364CE9FC2C8}.Release|Any CPU.Build.0 = Release|Any CPU
	EndGlobalSection
	GlobalSection(SolutionProperties) = preSolution
		HideSolutionNode = FALSE
	EndGlobalSection
	GlobalSection(ExtensibilityGlobals) = postSolution
		SolutionGuid = {D96627B3-14E1-4FFD-AEAB-F3F666A8D2D2}
	EndGlobalSection
EndGlobal
