
Microsoft Visual Studio Solution File, Format Version 12.00
# Visual Studio Version 17
VisualStudioVersion = 17.9.34728.123
MinimumVisualStudioVersion = 10.0.40219.1
Project("{9A19103F-16F7-4668-BE54-9A1E7A4F7556}") = "Employee", "Employee.csproj", "{0121C7D2-F6BE-4907-894A-0123F5A53F2B}"
EndProject
Global
	GlobalSection(SolutionConfigurationPlatforms) = preSolution
		Debug|Any CPU = Debug|Any CPU
		Release|Any CPU = Release|Any CPU
	EndGlobalSection
	GlobalSection(ProjectConfigurationPlatforms) = postSolution
		{0121C7D2-F6BE-4907-894A-0123F5A53F2B}.Debug|Any CPU.ActiveCfg = Debug|Any CPU
		{0121C7D2-F6BE-4907-894A-0123F5A53F2B}.Debug|Any CPU.Build.0 = Debug|Any CPU
		{0121C7D2-F6BE-4907-894A-0123F5A53F2B}.Release|Any CPU.ActiveCfg = Release|Any CPU
		{0121C7D2-F6BE-4907-894A-0123F5A53F2B}.Release|Any CPU.Build.0 = Release|Any CPU
	EndGlobalSection
	GlobalSection(SolutionProperties) = preSolution
		HideSolutionNode = FALSE
	EndGlobalSection
	GlobalSection(ExtensibilityGlobals) = postSolution
		SolutionGuid = {8074C39E-B826-481E-BF49-905698AAAFE4}
	EndGlobalSection
EndGlobal
